// !$*UTF8*$!
{
	archiveVersion = 1;
	classes = {
	};
	objectVersion = 46;
	objects = {

/* Begin PBXBuildFile section */
		ECF8D9BF1ED9DE1E00E5D6E5 /* AppDelegate.swift in Sources */ = {isa = PBXBuildFile; fileRef = ECF8D9BE1ED9DE1E00E5D6E5 /* AppDelegate.swift */; };
		ECF8D9C41ED9DE1E00E5D6E5 /* Main.storyboard in Resources */ = {isa = PBXBuildFile; fileRef = ECF8D9C21ED9DE1E00E5D6E5 /* Main.storyboard */; };
		ECF8D9C61ED9DE1E00E5D6E5 /* Assets.xcassets in Resources */ = {isa = PBXBuildFile; fileRef = ECF8D9C51ED9DE1E00E5D6E5 /* Assets.xcassets */; };
		ECF8D9C91ED9DE1E00E5D6E5 /* LaunchScreen.storyboard in Resources */ = {isa = PBXBuildFile; fileRef = ECF8D9C71ED9DE1E00E5D6E5 /* LaunchScreen.storyboard */; };
		ECF8D9D41ED9DE1E00E5D6E5 /* SwiftTableViewHeightCacheTests.swift in Sources */ = {isa = PBXBuildFile; fileRef = ECF8D9D31ED9DE1E00E5D6E5 /* SwiftTableViewHeightCacheTests.swift */; };
		ECF8D9DF1ED9DE1E00E5D6E5 /* SwiftTableViewHeightCacheUITests.swift in Sources */ = {isa = PBXBuildFile; fileRef = ECF8D9DE1ED9DE1E00E5D6E5 /* SwiftTableViewHeightCacheUITests.swift */; };
		ECF8D9ED1ED9DF0800E5D6E5 /* UITableView+PCTemplateLayoutCell.swift in Sources */ = {isa = PBXBuildFile; fileRef = ECF8D9EC1ED9DF0800E5D6E5 /* UITableView+PCTemplateLayoutCell.swift */; };
		ECF8D9EF1EDAD35400E5D6E5 /* UITableView+PCKeyedHeightCache.swift in Sources */ = {isa = PBXBuildFile; fileRef = ECF8D9EE1EDAD35400E5D6E5 /* UITableView+PCKeyedHeightCache.swift */; };
		ECF8D9F11EDAD3E000E5D6E5 /* UITableView+FDTemplateLayoutCellDebug.swift in Sources */ = {isa = PBXBuildFile; fileRef = ECF8D9F01EDAD3E000E5D6E5 /* UITableView+FDTemplateLayoutCellDebug.swift */; };
		ECF8D9F41EDAD47A00E5D6E5 /* UITableView+PCIndexPathHeightCache.swift in Sources */ = {isa = PBXBuildFile; fileRef = ECF8D9F31EDAD47A00E5D6E5 /* UITableView+PCIndexPathHeightCache.swift */; };
		ECF8D9F61EDBB7E800E5D6E5 /* PCTableViewController.swift in Sources */ = {isa = PBXBuildFile; fileRef = ECF8D9F51EDBB7E800E5D6E5 /* PCTableViewController.swift */; };
		ECF8D9F81EDBC04B00E5D6E5 /* PCFeedCell.swift in Sources */ = {isa = PBXBuildFile; fileRef = ECF8D9F71EDBC04B00E5D6E5 /* PCFeedCell.swift */; };
		ECF8D9FA1EDBC2B300E5D6E5 /* PCFeedEntity.swift in Sources */ = {isa = PBXBuildFile; fileRef = ECF8D9F91EDBC2B300E5D6E5 /* PCFeedEntity.swift */; };
		ECF8D9FC1EDBECAF00E5D6E5 /* data.json in Resources */ = {isa = PBXBuildFile; fileRef = ECF8D9FB1EDBECAF00E5D6E5 /* data.json */; };
/* End PBXBuildFile section */

/* Begin PBXContainerItemProxy section */
		ECF8D9D01ED9DE1E00E5D6E5 /* PBXContainerItemProxy */ = {
			isa = PBXContainerItemProxy;
			containerPortal = ECF8D9B31ED9DE1E00E5D6E5 /* Project object */;
			proxyType = 1;
			remoteGlobalIDString = ECF8D9BA1ED9DE1E00E5D6E5;
			remoteInfo = SwiftTableViewHeightCache;
		};
		ECF8D9DB1ED9DE1E00E5D6E5 /* PBXContainerItemProxy */ = {
			isa = PBXContainerItemProxy;
			containerPortal = ECF8D9B31ED9DE1E00E5D6E5 /* Project object */;
			proxyType = 1;
			remoteGlobalIDString = ECF8D9BA1ED9DE1E00E5D6E5;
			remoteInfo = SwiftTableViewHeightCache;
		};
/* End PBXContainerItemProxy section */

/* Begin PBXFileReference section */
		ECF8D9BB1ED9DE1E00E5D6E5 /* SwiftTableViewHeightCache.app */ = {isa = PBXFileReference; explicitFileType = wrapper.application; includeInIndex = 0; path = SwiftTableViewHeightCache.app; sourceTree = BUILT_PRODUCTS_DIR; };
		ECF8D9BE1ED9DE1E00E5D6E5 /* AppDelegate.swift */ = {isa = PBXFileReference; lastKnownFileType = sourcecode.swift; path = AppDelegate.swift; sourceTree = "<group>"; };
		ECF8D9C31ED9DE1E00E5D6E5 /* Base */ = {isa = PBXFileReference; lastKnownFileType = file.storyboard; name = Base; path = Base.lproj/Main.storyboard; sourceTree = "<group>"; };
		ECF8D9C51ED9DE1E00E5D6E5 /* Assets.xcassets */ = {isa = PBXFileReference; lastKnownFileType = folder.assetcatalog; path = Assets.xcassets; sourceTree = "<group>"; };
		ECF8D9C81ED9DE1E00E5D6E5 /* Base */ = {isa = PBXFileReference; lastKnownFileType = file.storyboard; name = Base; path = Base.lproj/LaunchScreen.storyboard; sourceTree = "<group>"; };
		ECF8D9CA1ED9DE1E00E5D6E5 /* Info.plist */ = {isa = PBXFileReference; lastKnownFileType = text.plist.xml; path = Info.plist; sourceTree = "<group>"; };
		ECF8D9CF1ED9DE1E00E5D6E5 /* SwiftTableViewHeightCacheTests.xctest */ = {isa = PBXFileReference; explicitFileType = wrapper.cfbundle; includeInIndex = 0; path = SwiftTableViewHeightCacheTests.xctest; sourceTree = BUILT_PRODUCTS_DIR; };
		ECF8D9D31ED9DE1E00E5D6E5 /* SwiftTableViewHeightCacheTests.swift */ = {isa = PBXFileReference; lastKnownFileType = sourcecode.swift; path = SwiftTableViewHeightCacheTests.swift; sourceTree = "<group>"; };
		ECF8D9D51ED9DE1E00E5D6E5 /* Info.plist */ = {isa = PBXFileReference; lastKnownFileType = text.plist.xml; path = Info.plist; sourceTree = "<group>"; };
		ECF8D9DA1ED9DE1E00E5D6E5 /* SwiftTableViewHeightCacheUITests.xctest */ = {isa = PBXFileReference; explicitFileType = wrapper.cfbundle; includeInIndex = 0; path = SwiftTableViewHeightCacheUITests.xctest; sourceTree = BUILT_PRODUCTS_DIR; };
		ECF8D9DE1ED9DE1E00E5D6E5 /* SwiftTableViewHeightCacheUITests.swift */ = {isa = PBXFileReference; lastKnownFileType = sourcecode.swift; path = SwiftTableViewHeightCacheUITests.swift; sourceTree = "<group>"; };
		ECF8D9E01ED9DE1E00E5D6E5 /* Info.plist */ = {isa = PBXFileReference; lastKnownFileType = text.plist.xml; path = Info.plist; sourceTree = "<group>"; };
		ECF8D9EC1ED9DF0800E5D6E5 /* UITableView+PCTemplateLayoutCell.swift */ = {isa = PBXFileReference; fileEncoding = 4; lastKnownFileType = sourcecode.swift; path = "UITableView+PCTemplateLayoutCell.swift"; sourceTree = "<group>"; };
		ECF8D9EE1EDAD35400E5D6E5 /* UITableView+PCKeyedHeightCache.swift */ = {isa = PBXFileReference; fileEncoding = 4; lastKnownFileType = sourcecode.swift; path = "UITableView+PCKeyedHeightCache.swift"; sourceTree = "<group>"; };
		ECF8D9F01EDAD3E000E5D6E5 /* UITableView+FDTemplateLayoutCellDebug.swift */ = {isa = PBXFileReference; fileEncoding = 4; lastKnownFileType = sourcecode.swift; path = "UITableView+FDTemplateLayoutCellDebug.swift"; sourceTree = "<group>"; };
		ECF8D9F31EDAD47A00E5D6E5 /* UITableView+PCIndexPathHeightCache.swift */ = {isa = PBXFileReference; fileEncoding = 4; lastKnownFileType = sourcecode.swift; path = "UITableView+PCIndexPathHeightCache.swift"; sourceTree = "<group>"; };
		ECF8D9F51EDBB7E800E5D6E5 /* PCTableViewController.swift */ = {isa = PBXFileReference; fileEncoding = 4; lastKnownFileType = sourcecode.swift; name = PCTableViewController.swift; path = ../PCTableViewController.swift; sourceTree = "<group>"; };
		ECF8D9F71EDBC04B00E5D6E5 /* PCFeedCell.swift */ = {isa = PBXFileReference; fileEncoding = 4; lastKnownFileType = sourcecode.swift; path = PCFeedCell.swift; sourceTree = "<group>"; };
		ECF8D9F91EDBC2B300E5D6E5 /* PCFeedEntity.swift */ = {isa = PBXFileReference; fileEncoding = 4; lastKnownFileType = sourcecode.swift; path = PCFeedEntity.swift; sourceTree = "<group>"; };
		ECF8D9FB1EDBECAF00E5D6E5 /* data.json */ = {isa = PBXFileReference; fileEncoding = 4; lastKnownFileType = text.json; path = data.json; sourceTree = "<group>"; };
/* End PBXFileReference section */

/* Begin PBXFrameworksBuildPhase section */
		ECF8D9B81ED9DE1E00E5D6E5 /* Frameworks */ = {
			isa = PBXFrameworksBuildPhase;
			buildActionMask = 2147483647;
			files = (
			);
			runOnlyForDeploymentPostprocessing = 0;
		};
		ECF8D9CC1ED9DE1E00E5D6E5 /* Frameworks */ = {
			isa = PBXFrameworksBuildPhase;
			buildActionMask = 2147483647;
			files = (
			);
			runOnlyForDeploymentPostprocessing = 0;
		};
		ECF8D9D71ED9DE1E00E5D6E5 /* Frameworks */ = {
			isa = PBXFrameworksBuildPhase;
			buildActionMask = 2147483647;
			files = (
			);
			runOnlyForDeploymentPostprocessing = 0;
		};
/* End PBXFrameworksBuildPhase section */

/* Begin PBXGroup section */
		ECF8D9B21ED9DE1E00E5D6E5 = {
			isa = PBXGroup;
			children = (
				ECF8D9BD1ED9DE1E00E5D6E5 /* SwiftTableViewHeightCache */,
				ECF8D9D21ED9DE1E00E5D6E5 /* SwiftTableViewHeightCacheTests */,
				ECF8D9DD1ED9DE1E00E5D6E5 /* SwiftTableViewHeightCacheUITests */,
				ECF8D9BC1ED9DE1E00E5D6E5 /* Products */,
			);
			sourceTree = "<group>";
		};
		ECF8D9BC1ED9DE1E00E5D6E5 /* Products */ = {
			isa = PBXGroup;
			children = (
				ECF8D9BB1ED9DE1E00E5D6E5 /* SwiftTableViewHeightCache.app */,
				ECF8D9CF1ED9DE1E00E5D6E5 /* SwiftTableViewHeightCacheTests.xctest */,
				ECF8D9DA1ED9DE1E00E5D6E5 /* SwiftTableViewHeightCacheUITests.xctest */,
			);
			name = Products;
			sourceTree = "<group>";
		};
		ECF8D9BD1ED9DE1E00E5D6E5 /* SwiftTableViewHeightCache */ = {
			isa = PBXGroup;
			children = (
				ECF8D9F21EDAD41800E5D6E5 /* PCTableViewHeightCache */,
				ECF8D9BE1ED9DE1E00E5D6E5 /* AppDelegate.swift */,
				ECF8D9F51EDBB7E800E5D6E5 /* PCTableViewController.swift */,
				ECF8D9F71EDBC04B00E5D6E5 /* PCFeedCell.swift */,
				ECF8D9F91EDBC2B300E5D6E5 /* PCFeedEntity.swift */,
				ECF8D9C21ED9DE1E00E5D6E5 /* Main.storyboard */,
				ECF8D9C51ED9DE1E00E5D6E5 /* Assets.xcassets */,
				ECF8D9C71ED9DE1E00E5D6E5 /* LaunchScreen.storyboard */,
				ECF8D9CA1ED9DE1E00E5D6E5 /* Info.plist */,
				ECF8D9FB1EDBECAF00E5D6E5 /* data.json */,
			);
			path = SwiftTableViewHeightCache;
			sourceTree = "<group>";
		};
		ECF8D9D21ED9DE1E00E5D6E5 /* SwiftTableViewHeightCacheTests */ = {
			isa = PBXGroup;
			children = (
				ECF8D9D31ED9DE1E00E5D6E5 /* SwiftTableViewHeightCacheTests.swift */,
				ECF8D9D51ED9DE1E00E5D6E5 /* Info.plist */,
			);
			path = SwiftTableViewHeightCacheTests;
			sourceTree = "<group>";
		};
		ECF8D9DD1ED9DE1E00E5D6E5 /* SwiftTableViewHeightCacheUITests */ = {
			isa = PBXGroup;
			children = (
				ECF8D9DE1ED9DE1E00E5D6E5 /* SwiftTableViewHeightCacheUITests.swift */,
				ECF8D9E01ED9DE1E00E5D6E5 /* Info.plist */,
			);
			path = SwiftTableViewHeightCacheUITests;
			sourceTree = "<group>";
		};
		ECF8D9F21EDAD41800E5D6E5 /* PCTableViewHeightCache */ = {
			isa = PBXGroup;
			children = (
				ECF8D9EC1ED9DF0800E5D6E5 /* UITableView+PCTemplateLayoutCell.swift */,
				ECF8D9EE1EDAD35400E5D6E5 /* UITableView+PCKeyedHeightCache.swift */,
				ECF8D9F01EDAD3E000E5D6E5 /* UITableView+FDTemplateLayoutCellDebug.swift */,
				ECF8D9F31EDAD47A00E5D6E5 /* UITableView+PCIndexPathHeightCache.swift */,
			);
			name = PCTableViewHeightCache;
			sourceTree = "<group>";
		};
/* End PBXGroup section */

/* Begin PBXNativeTarget section */
		ECF8D9BA1ED9DE1E00E5D6E5 /* SwiftTableViewHeightCache */ = {
			isa = PBXNativeTarget;
			buildConfigurationList = ECF8D9E31ED9DE1E00E5D6E5 /* Build configuration list for PBXNativeTarget "SwiftTableViewHeightCache" */;
			buildPhases = (
				ECF8D9B71ED9DE1E00E5D6E5 /* Sources */,
				ECF8D9B81ED9DE1E00E5D6E5 /* Frameworks */,
				ECF8D9B91ED9DE1E00E5D6E5 /* Resources */,
			);
			buildRules = (
			);
			dependencies = (
			);
			name = SwiftTableViewHeightCache;
			productName = SwiftTableViewHeightCache;
			productReference = ECF8D9BB1ED9DE1E00E5D6E5 /* SwiftTableViewHeightCache.app */;
			productType = "com.apple.product-type.application";
		};
		ECF8D9CE1ED9DE1E00E5D6E5 /* SwiftTableViewHeightCacheTests */ = {
			isa = PBXNativeTarget;
			buildConfigurationList = ECF8D9E61ED9DE1E00E5D6E5 /* Build configuration list for PBXNativeTarget "SwiftTableViewHeightCacheTests" */;
			buildPhases = (
				ECF8D9CB1ED9DE1E00E5D6E5 /* Sources */,
				ECF8D9CC1ED9DE1E00E5D6E5 /* Frameworks */,
				ECF8D9CD1ED9DE1E00E5D6E5 /* Resources */,
			);
			buildRules = (
			);
			dependencies = (
				ECF8D9D11ED9DE1E00E5D6E5 /* PBXTargetDependency */,
			);
			name = SwiftTableViewHeightCacheTests;
			productName = SwiftTableViewHeightCacheTests;
			productReference = ECF8D9CF1ED9DE1E00E5D6E5 /* SwiftTableViewHeightCacheTests.xctest */;
			productType = "com.apple.product-type.bundle.unit-test";
		};
		ECF8D9D91ED9DE1E00E5D6E5 /* SwiftTableViewHeightCacheUITests */ = {
			isa = PBXNativeTarget;
			buildConfigurationList = ECF8D9E91ED9DE1E00E5D6E5 /* Build configuration list for PBXNativeTarget "SwiftTableViewHeightCacheUITests" */;
			buildPhases = (
				ECF8D9D61ED9DE1E00E5D6E5 /* Sources */,
				ECF8D9D71ED9DE1E00E5D6E5 /* Frameworks */,
				ECF8D9D81ED9DE1E00E5D6E5 /* Resources */,
			);
			buildRules = (
			);
			dependencies = (
				ECF8D9DC1ED9DE1E00E5D6E5 /* PBXTargetDependency */,
			);
			name = SwiftTableViewHeightCacheUITests;
			productName = SwiftTableViewHeightCacheUITests;
			productReference = ECF8D9DA1ED9DE1E00E5D6E5 /* SwiftTableViewHeightCacheUITests.xctest */;
			productType = "com.apple.product-type.bundle.ui-testing";
		};
/* End PBXNativeTarget section */

/* Begin PBXProject section */
		ECF8D9B31ED9DE1E00E5D6E5 /* Project object */ = {
			isa = PBXProject;
			attributes = {
				LastSwiftUpdateCheck = 0830;
				LastUpgradeCheck = 0830;
				ORGANIZATIONNAME = tangyuhua;
				TargetAttributes = {
					ECF8D9BA1ED9DE1E00E5D6E5 = {
						CreatedOnToolsVersion = 8.3.2;
						DevelopmentTeam = 4BADWEEE97;
						ProvisioningStyle = Automatic;
					};
					ECF8D9CE1ED9DE1E00E5D6E5 = {
						CreatedOnToolsVersion = 8.3.2;
						DevelopmentTeam = 4BADWEEE97;
						ProvisioningStyle = Automatic;
						TestTargetID = ECF8D9BA1ED9DE1E00E5D6E5;
					};
					ECF8D9D91ED9DE1E00E5D6E5 = {
						CreatedOnToolsVersion = 8.3.2;
						DevelopmentTeam = 4BADWEEE97;
						ProvisioningStyle = Automatic;
						TestTargetID = ECF8D9BA1ED9DE1E00E5D6E5;
					};
				};
			};
			buildConfigurationList = ECF8D9B61ED9DE1E00E5D6E5 /* Build configuration list for PBXProject "SwiftTableViewHeightCache" */;
			compatibilityVersion = "Xcode 3.2";
			developmentRegion = English;
			hasScannedForEncodings = 0;
			knownRegions = (
				en,
				Base,
			);
			mainGroup = ECF8D9B21ED9DE1E00E5D6E5;
			productRefGroup = ECF8D9BC1ED9DE1E00E5D6E5 /* Products */;
			projectDirPath = "";
			projectRoot = "";
			targets = (
				ECF8D9BA1ED9DE1E00E5D6E5 /* SwiftTableViewHeightCache */,
				ECF8D9CE1ED9DE1E00E5D6E5 /* SwiftTableViewHeightCacheTests */,
				ECF8D9D91ED9DE1E00E5D6E5 /* SwiftTableViewHeightCacheUITests */,
			);
		};
/* End PBXProject section */

/* Begin PBXResourcesBuildPhase section */
		ECF8D9B91ED9DE1E00E5D6E5 /* Resources */ = {
			isa = PBXResourcesBuildPhase;
			buildActionMask = 2147483647;
			files = (
				ECF8D9C91ED9DE1E00E5D6E5 /* LaunchScreen.storyboard in Resources */,
				ECF8D9C61ED9DE1E00E5D6E5 /* Assets.xcassets in Resources */,
				ECF8D9C41ED9DE1E00E5D6E5 /* Main.storyboard in Resources */,
				ECF8D9FC1EDBECAF00E5D6E5 /* data.json in Resources */,
			);
			runOnlyForDeploymentPostprocessing = 0;
		};
		ECF8D9CD1ED9DE1E00E5D6E5 /* Resources */ = {
			isa = PBXResourcesBuildPhase;
			buildActionMask = 2147483647;
			files = (
			);
			runOnlyForDeploymentPostprocessing = 0;
		};
		ECF8D9D81ED9DE1E00E5D6E5 /* Resources */ = {
			isa = PBXResourcesBuildPhase;
			buildActionMask = 2147483647;
			files = (
			);
			runOnlyForDeploymentPostprocessing = 0;
		};
/* End PBXResourcesBuildPhase section */

/* Begin PBXSourcesBuildPhase section */
		ECF8D9B71ED9DE1E00E5D6E5 /* Sources */ = {
			isa = PBXSourcesBuildPhase;
			buildActionMask = 2147483647;
			files = (
				ECF8D9F61EDBB7E800E5D6E5 /* PCTableViewController.swift in Sources */,
				ECF8D9FA1EDBC2B300E5D6E5 /* PCFeedEntity.swift in Sources */,
				ECF8D9F81EDBC04B00E5D6E5 /* PCFeedCell.swift in Sources */,
				ECF8D9ED1ED9DF0800E5D6E5 /* UITableView+PCTemplateLayoutCell.swift in Sources */,
				ECF8D9EF1EDAD35400E5D6E5 /* UITableView+PCKeyedHeightCache.swift in Sources */,
				ECF8D9F41EDAD47A00E5D6E5 /* UITableView+PCIndexPathHeightCache.swift in Sources */,
				ECF8D9F11EDAD3E000E5D6E5 /* UITableView+FDTemplateLayoutCellDebug.swift in Sources */,
				ECF8D9BF1ED9DE1E00E5D6E5 /* AppDelegate.swift in Sources */,
			);
			runOnlyForDeploymentPostprocessing = 0;
		};
		ECF8D9CB1ED9DE1E00E5D6E5 /* Sources */ = {
			isa = PBXSourcesBuildPhase;
			buildActionMask = 2147483647;
			files = (
				ECF8D9D41ED9DE1E00E5D6E5 /* SwiftTableViewHeightCacheTests.swift in Sources */,
			);
			runOnlyForDeploymentPostprocessing = 0;
		};
		ECF8D9D61ED9DE1E00E5D6E5 /* Sources */ = {
			isa = PBXSourcesBuildPhase;
			buildActionMask = 2147483647;
			files = (
				ECF8D9DF1ED9DE1E00E5D6E5 /* SwiftTableViewHeightCacheUITests.swift in Sources */,
			);
			runOnlyForDeploymentPostprocessing = 0;
		};
/* End PBXSourcesBuildPhase section */

/* Begin PBXTargetDependency section */
		ECF8D9D11ED9DE1E00E5D6E5 /* PBXTargetDependency */ = {
			isa = PBXTargetDependency;
			target = ECF8D9BA1ED9DE1E00E5D6E5 /* SwiftTableViewHeightCache */;
			targetProxy = ECF8D9D01ED9DE1E00E5D6E5 /* PBXContainerItemProxy */;
		};
		ECF8D9DC1ED9DE1E00E5D6E5 /* PBXTargetDependency */ = {
			isa = PBXTargetDependency;
			target = ECF8D9BA1ED9DE1E00E5D6E5 /* SwiftTableViewHeightCache */;
			targetProxy = ECF8D9DB1ED9DE1E00E5D6E5 /* PBXContainerItemProxy */;
		};
/* End PBXTargetDependency section */

/* Begin PBXVariantGroup section */
		ECF8D9C21ED9DE1E00E5D6E5 /* Main.storyboard */ = {
			isa = PBXVariantGroup;
			children = (
				ECF8D9C31ED9DE1E00E5D6E5 /* Base */,
			);
			name = Main.storyboard;
			sourceTree = "<group>";
		};
		ECF8D9C71ED9DE1E00E5D6E5 /* LaunchScreen.storyboard */ = {
			isa = PBXVariantGroup;
			children = (
				ECF8D9C81ED9DE1E00E5D6E5 /* Base */,
			);
			name = LaunchScreen.storyboard;
			sourceTree = "<group>";
		};
/* End PBXVariantGroup section */

/* Begin XCBuildConfiguration section */
		ECF8D9E11ED9DE1E00E5D6E5 /* Debug */ = {
			isa = XCBuildConfiguration;
			buildSettings = {
				ALWAYS_SEARCH_USER_PATHS = NO;
				CLANG_ANALYZER_NONNULL = YES;
				CLANG_ANALYZER_NUMBER_OBJECT_CONVERSION = YES_AGGRESSIVE;
				CLANG_CXX_LANGUAGE_STANDARD = "gnu++0x";
				CLANG_CXX_LIBRARY = "libc++";
				CLANG_ENABLE_MODULES = YES;
				CLANG_ENABLE_OBJC_ARC = YES;
				CLANG_WARN_BOOL_CONVERSION = YES;
				CLANG_WARN_CONSTANT_CONVERSION = YES;
				CLANG_WARN_DIRECT_OBJC_ISA_USAGE = YES_ERROR;
				CLANG_WARN_DOCUMENTATION_COMMENTS = YES;
				CLANG_WARN_EMPTY_BODY = YES;
				CLANG_WARN_ENUM_CONVERSION = YES;
				CLANG_WARN_INFINITE_RECURSION = YES;
				CLANG_WARN_INT_CONVERSION = YES;
				CLANG_WARN_OBJC_ROOT_CLASS = YES_ERROR;
				CLANG_WARN_SUSPICIOUS_MOVE = YES;
				CLANG_WARN_UNREACHABLE_CODE = YES;
				CLANG_WARN__DUPLICATE_METHOD_MATCH = YES;
				"CODE_SIGN_IDENTITY[sdk=iphoneos*]" = "iPhone Developer";
				COPY_PHASE_STRIP = NO;
				DEBUG_INFORMATION_FORMAT = dwarf;
				ENABLE_STRICT_OBJC_MSGSEND = YES;
				ENABLE_TESTABILITY = YES;
				GCC_C_LANGUAGE_STANDARD = gnu99;
				GCC_DYNAMIC_NO_PIC = NO;
				GCC_NO_COMMON_BLOCKS = YES;
				GCC_OPTIMIZATION_LEVEL = 0;
				GCC_PREPROCESSOR_DEFINITIONS = (
					"DEBUG=1",
					"$(inherited)",
				);
				GCC_WARN_64_TO_32_BIT_CONVERSION = YES;
				GCC_WARN_ABOUT_RETURN_TYPE = YES_ERROR;
				GCC_WARN_UNDECLARED_SELECTOR = YES;
				GCC_WARN_UNINITIALIZED_AUTOS = YES_AGGRESSIVE;
				GCC_WARN_UNUSED_FUNCTION = YES;
				GCC_WARN_UNUSED_VARIABLE = YES;
				IPHONEOS_DEPLOYMENT_TARGET = 10.3;
				MTL_ENABLE_DEBUG_INFO = YES;
				ONLY_ACTIVE_ARCH = YES;
				SDKROOT = iphoneos;
				SWIFT_ACTIVE_COMPILATION_CONDITIONS = DEBUG;
				SWIFT_OPTIMIZATION_LEVEL = "-Onone";
			};
			name = Debug;
		};
		ECF8D9E21ED9DE1E00E5D6E5 /* Release */ = {
			isa = XCBuildConfiguration;
			buildSettings = {
				ALWAYS_SEARCH_USER_PATHS = NO;
				CLANG_ANALYZER_NONNULL = YES;
				CLANG_ANALYZER_NUMBER_OBJECT_CONVERSION = YES_AGGRESSIVE;
				CLANG_CXX_LANGUAGE_STANDARD = "gnu++0x";
				CLANG_CXX_LIBRARY = "libc++";
				CLANG_ENABLE_MODULES = YES;
				CLANG_ENABLE_OBJC_ARC = YES;
				CLANG_WARN_BOOL_CONVERSION = YES;
				CLANG_WARN_CONSTANT_CONVERSION = YES;
				CLANG_WARN_DIRECT_OBJC_ISA_USAGE = YES_ERROR;
				CLANG_WARN_DOCUMENTATION_COMMENTS = YES;
				CLANG_WARN_EMPTY_BODY = YES;
				CLANG_WARN_ENUM_CONVERSION = YES;
				CLANG_WARN_INFINITE_RECURSION = YES;
				CLANG_WARN_INT_CONVERSION = YES;
				CLANG_WARN_OBJC_ROOT_CLASS = YES_ERROR;
				CLANG_WARN_SUSPICIOUS_MOVE = YES;
				CLANG_WARN_UNREACHABLE_CODE = YES;
				CLANG_WARN__DUPLICATE_METHOD_MATCH = YES;
				"CODE_SIGN_IDENTITY[sdk=iphoneos*]" = "iPhone Developer";
				COPY_PHASE_STRIP = NO;
				DEBUG_INFORMATION_FORMAT = "dwarf-with-dsym";
				ENABLE_NS_ASSERTIONS = NO;
				ENABLE_STRICT_OBJC_MSGSEND = YES;
				GCC_C_LANGUAGE_STANDARD = gnu99;
				GCC_NO_COMMON_BLOCKS = YES;
				GCC_WARN_64_TO_32_BIT_CONVERSION = YES;
				GCC_WARN_ABOUT_RETURN_TYPE = YES_ERROR;
				GCC_WARN_UNDECLARED_SELECTOR = YES;
				GCC_WARN_UNINITIALIZED_AUTOS = YES_AGGRESSIVE;
				GCC_WARN_UNUSED_FUNCTION = YES;
				GCC_WARN_UNUSED_VARIABLE = YES;
				IPHONEOS_DEPLOYMENT_TARGET = 10.3;
				MTL_ENABLE_DEBUG_INFO = NO;
				SDKROOT = iphoneos;
				SWIFT_OPTIMIZATION_LEVEL = "-Owholemodule";
				VALIDATE_PRODUCT = YES;
			};
			name = Release;
		};
		ECF8D9E41ED9DE1E00E5D6E5 /* Debug */ = {
			isa = XCBuildConfiguration;
			buildSettings = {
				ASSETCATALOG_COMPILER_APPICON_NAME = AppIcon;
				DEVELOPMENT_TEAM = 4BADWEEE97;
				INFOPLIST_FILE = SwiftTableViewHeightCache/Info.plist;
				LD_RUNPATH_SEARCH_PATHS = "$(inherited) @executable_path/Frameworks";
				PRODUCT_BUNDLE_IDENTIFIER = com.tangyuhua.com.SwiftTableViewHeightCache;
				PRODUCT_NAME = "$(TARGET_NAME)";
				SWIFT_VERSION = 3.0;
			};
			name = Debug;
		};
		ECF8D9E51ED9DE1E00E5D6E5 /* Release */ = {
			isa = XCBuildConfiguration;
			buildSettings = {
				ASSETCATALOG_COMPILER_APPICON_NAME = AppIcon;
				DEVELOPMENT_TEAM = 4BADWEEE97;
				INFOPLIST_FILE = SwiftTableViewHeightCache/Info.plist;
				LD_RUNPATH_SEARCH_PATHS = "$(inherited) @executable_path/Frameworks";
				PRODUCT_BUNDLE_IDENTIFIER = com.tangyuhua.com.SwiftTableViewHeightCache;
				PRODUCT_NAME = "$(TARGET_NAME)";
				SWIFT_VERSION = 3.0;
			};
			name = Release;
		};
		ECF8D9E71ED9DE1E00E5D6E5 /* Debug */ = {
			isa = XCBuildConfiguration;
			buildSettings = {
				ALWAYS_EMBED_SWIFT_STANDARD_LIBRARIES = YES;
				BUNDLE_LOADER = "$(TEST_HOST)";
				DEVELOPMENT_TEAM = 4BADWEEE97;
				INFOPLIST_FILE = SwiftTableViewHeightCacheTests/Info.plist;
				LD_RUNPATH_SEARCH_PATHS = "$(inherited) @executable_path/Frameworks @loader_path/Frameworks";
				PRODUCT_BUNDLE_IDENTIFIER = com.tangyuhua.com.SwiftTableViewHeightCacheTests;
				PRODUCT_NAME = "$(TARGET_NAME)";
				SWIFT_VERSION = 3.0;
				TEST_HOST = "$(BUILT_PRODUCTS_DIR)/SwiftTableViewHeightCache.app/SwiftTableViewHeightCache";
			};
			name = Debug;
		};
		ECF8D9E81ED9DE1E00E5D6E5 /* Release */ = {
			isa = XCBuildConfiguration;
			buildSettings = {
				ALWAYS_EMBED_SWIFT_STANDARD_LIBRARIES = YES;
				BUNDLE_LOADER = "$(TEST_HOST)";
				DEVELOPMENT_TEAM = 4BADWEEE97;
				INFOPLIST_FILE = SwiftTableViewHeightCacheTests/Info.plist;
				LD_RUNPATH_SEARCH_PATHS = "$(inherited) @executable_path/Frameworks @loader_path/Frameworks";
				PRODUCT_BUNDLE_IDENTIFIER = com.tangyuhua.com.SwiftTableViewHeightCacheTests;
				PRODUCT_NAME = "$(TARGET_NAME)";
				SWIFT_VERSION = 3.0;
				TEST_HOST = "$(BUILT_PRODUCTS_DIR)/SwiftTableViewHeightCache.app/SwiftTableViewHeightCache";
			};
			name = Release;
		};
		ECF8D9EA1ED9DE1E00E5D6E5 /* Debug */ = {
			isa = XCBuildConfiguration;
			buildSettings = {
				ALWAYS_EMBED_SWIFT_STANDARD_LIBRARIES = YES;
				DEVELOPMENT_TEAM = 4BADWEEE97;
				INFOPLIST_FILE = SwiftTableViewHeightCacheUITests/Info.plist;
				LD_RUNPATH_SEARCH_PATHS = "$(inherited) @executable_path/Frameworks @loader_path/Frameworks";
				PRODUCT_BUNDLE_IDENTIFIER = com.tangyuhua.com.SwiftTableViewHeightCacheUITests;
				PRODUCT_NAME = "$(TARGET_NAME)";
				SWIFT_VERSION = 3.0;
				TEST_TARGET_NAME = SwiftTableViewHeightCache;
			};
			name = Debug;
		};
		ECF8D9EB1ED9DE1E00E5D6E5 /* Release */ = {
			isa = XCBuildConfiguration;
			buildSettings = {
				ALWAYS_EMBED_SWIFT_STANDARD_LIBRARIES = YES;
				DEVELOPMENT_TEAM = 4BADWEEE97;
				INFOPLIST_FILE = SwiftTableViewHeightCacheUITests/Info.plist;
				LD_RUNPATH_SEARCH_PATHS = "$(inherited) @executable_path/Frameworks @loader_path/Frameworks";
				PRODUCT_BUNDLE_IDENTIFIER = com.tangyuhua.com.SwiftTableViewHeightCacheUITests;
				PRODUCT_NAME = "$(TARGET_NAME)";
				SWIFT_VERSION = 3.0;
				TEST_TARGET_NAME = SwiftTableViewHeightCache;
			};
			name = Release;
		};
/* End XCBuildConfiguration section */

/* Begin XCConfigurationList section */
		ECF8D9B61ED9DE1E00E5D6E5 /* Build configuration list for PBXProject "SwiftTableViewHeightCache" */ = {
			isa = XCConfigurationList;
			buildConfigurations = (
				ECF8D9E11ED9DE1E00E5D6E5 /* Debug */,
				ECF8D9E21ED9DE1E00E5D6E5 /* Release */,
			);
			defaultConfigurationIsVisible = 0;
			defaultConfigurationName = Release;
		};
		ECF8D9E31ED9DE1E00E5D6E5 /* Build configuration list for PBXNativeTarget "SwiftTableViewHeightCache" */ = {
			isa = XCConfigurationList;
			buildConfigurations = (
				ECF8D9E41ED9DE1E00E5D6E5 /* Debug */,
				ECF8D9E51ED9DE1E00E5D6E5 /* Release */,
			);
			defaultConfigurationIsVisible = 0;
			defaultConfigurationName = Release;
		};
		ECF8D9E61ED9DE1E00E5D6E5 /* Build configuration list for PBXNativeTarget "SwiftTableViewHeightCacheTests" */ = {
			isa = XCConfigurationList;
			buildConfigurations = (
				ECF8D9E71ED9DE1E00E5D6E5 /* Debug */,
				ECF8D9E81ED9DE1E00E5D6E5 /* Release */,
			);
			defaultConfigurationIsVisible = 0;
			defaultConfigurationName = Release;
		};
		ECF8D9E91ED9DE1E00E5D6E5 /* Build configuration list for PBXNativeTarget "SwiftTableViewHeightCacheUITests" */ = {
			isa = XCConfigurationList;
			buildConfigurations = (
				ECF8D9EA1ED9DE1E00E5D6E5 /* Debug */,
				ECF8D9EB1ED9DE1E00E5D6E5 /* Release */,
			);
			defaultConfigurationIsVisible = 0;
			defaultConfigurationName = Release;
		};
/* End XCConfigurationList section */
	};
	rootObject = ECF8D9B31ED9DE1E00E5D6E5 /* Project object */;
}
